# This file is automatically @generated by Cargo.
# It is not intended for manual editing.
version = 4

[[package]]
name = "feather-core"
version = "0.1.0"

[[package]]
name = "feather-engine-lexicon"
version = "0.1.0"
dependencies = [
 "feather-core",
]

[[package]]
name = "feather-ffi"
version = "0.1.0"
dependencies = [
 "feather-core",
 "feather-engine-lexicon",
]
